
Microsoft Visual Studio Solution File, Format Version 12.00
# Visual Studio Version 17
VisualStudioVersion = 17.12.35527.113 d17.12
MinimumVisualStudioVersion = 10.0.40219.1
Project("{FAE04EC0-301F-11D3-BF4B-00C04F79EFBC}") = "mastermind_03", "mastermind_03\mastermind_03.csproj", "{D4FE914E-6EF3-4C17-9064-ECB13172C224}"
EndProject
Global
	GlobalSection(SolutionConfigurationPlatforms) = preSolution
		Debug|Any CPU = Debug|Any CPU
		Release|Any CPU = Release|Any CPU
	EndGlobalSection
	GlobalSection(ProjectConfigurationPlatforms) = postSolution
		{D4FE914E-6EF3-4C17-9064-ECB13172C224}.Debug|Any CPU.ActiveCfg = Debug|Any CPU
		{D4FE914E-6EF3-4C17-9064-ECB13172C224}.Debug|Any CPU.Build.0 = Debug|Any CPU
		{D4FE914E-6EF3-4C17-9064-ECB13172C224}.Release|Any CPU.ActiveCfg = Release|Any CPU
		{D4FE914E-6EF3-4C17-9064-ECB13172C224}.Release|Any CPU.Build.0 = Release|Any CPU
	EndGlobalSection
	GlobalSection(SolutionProperties) = preSolution
		HideSolutionNode = FALSE
	EndGlobalSection
EndGlobal
